schema: '2.0'
stages:
  data_ingestion:
    cmd: python src/data_ingestion.py
    deps:
    - path: params.yaml
      hash: md5
      md5: 6dac3193fb06f7084550d6b5de838121
      size: 10007
    - path: src/data_ingestion.py
      hash: md5
      md5: 117350a1d3f00ca0a8e64342765e2af7
      size: 4526
    outs:
    - path: data/test.csv
      hash: md5
      md5: f1fce36173a014986c13d6d8e3cb21fe
      size: 677667
    - path: data/train.csv
      hash: md5
      md5: b1ccc02843cea0be124538a6f47703b9
      size: 2599896
  model_building:
    cmd: echo "Training performed on Kaggle - see 
      notebooks/model_building_and_eval.ipynb"
  model_evaluation:
    cmd: echo "Evaluation performed on Kaggle - see 
      notebooks/model_building_and_eval.ipynb"
  model_registry:
    cmd: echo "Model registration on Weights & Biases via Kaggle - see 
      notebooks/model_building_and_eval.ipynb"
